
Microsoft Visual Studio Solution File, Format Version 12.00
# Visual Studio Version 17
VisualStudioVersion = 17.4.33122.133
MinimumVisualStudioVersion = 10.0.40219.1
Project("{FAE04EC0-301F-11D3-BF4B-00C04F79EFBC}") = "SQLWithCSharp", "SQLWithCSharp\SQLWithCSharp.csproj", "{C866FB67-D9BC-4095-893D-805AF84B20DB}"
EndProject
Global
	GlobalSection(SolutionConfigurationPlatforms) = preSolution
		Debug|Any CPU = Debug|Any CPU
		Release|Any CPU = Release|Any CPU
	EndGlobalSection
	GlobalSection(ProjectConfigurationPlatforms) = postSolution
		{C866FB67-D9BC-4095-893D-805AF84B20DB}.Debug|Any CPU.ActiveCfg = Debug|Any CPU
		{C866FB67-D9BC-4095-893D-805AF84B20DB}.Debug|Any CPU.Build.0 = Debug|Any CPU
		{C866FB67-D9BC-4095-893D-805AF84B20DB}.Release|Any CPU.ActiveCfg = Release|Any CPU
		{C866FB67-D9BC-4095-893D-805AF84B20DB}.Release|Any CPU.Build.0 = Release|Any CPU
	EndGlobalSection
	GlobalSection(SolutionProperties) = preSolution
		HideSolutionNode = FALSE
	EndGlobalSection
	GlobalSection(ExtensibilityGlobals) = postSolution
		SolutionGuid = {87624661-F071-470C-8A9F-D7ED523114D4}
	EndGlobalSection
EndGlobal
